
Microsoft Visual Studio Solution File, Format Version 12.00
# Visual Studio Version 16
VisualStudioVersion = 16.0.30114.105
MinimumVisualStudioVersion = 10.0.40219.1
Project("{2150E333-8FDC-42A3-9474-1A3956D46DE8}") = "src", "src", "{EE25604A-286A-4E5E-9556-47941C017855}"
EndProject
Project("{FAE04EC0-301F-11D3-BF4B-00C04F79EFBC}") = "lin.app.web", "src\lin.app.web\lin.app.web.csproj", "{C86E2E40-4AAB-4690-8740-3388A936E6AC}"
EndProject
Global
	GlobalSection(SolutionConfigurationPlatforms) = preSolution
		Debug|Any CPU = Debug|Any CPU
		Release|Any CPU = Release|Any CPU
	EndGlobalSection
	GlobalSection(SolutionProperties) = preSolution
		HideSolutionNode = FALSE
	EndGlobalSection
	GlobalSection(ProjectConfigurationPlatforms) = postSolution
		{C86E2E40-4AAB-4690-8740-3388A936E6AC}.Debug|Any CPU.ActiveCfg = Debug|Any CPU
		{C86E2E40-4AAB-4690-8740-3388A936E6AC}.Debug|Any CPU.Build.0 = Debug|Any CPU
		{C86E2E40-4AAB-4690-8740-3388A936E6AC}.Release|Any CPU.ActiveCfg = Release|Any CPU
		{C86E2E40-4AAB-4690-8740-3388A936E6AC}.Release|Any CPU.Build.0 = Release|Any CPU
	EndGlobalSection
	GlobalSection(NestedProjects) = preSolution
		{C86E2E40-4AAB-4690-8740-3388A936E6AC} = {EE25604A-286A-4E5E-9556-47941C017855}
	EndGlobalSection
EndGlobal
